
Microsoft Visual Studio Solution File, Format Version 12.00
# Visual Studio Version 16
VisualStudioVersion = 16.0.30503.244
MinimumVisualStudioVersion = 10.0.40219.1
Project("{FAE04EC0-301F-11D3-BF4B-00C04F79EFBC}") = "GomokuGame", "GomokuGame.csproj", "{B3983B95-CFA2-496D-B039-A5F5BF5F2B2D}"
EndProject
Global
	GlobalSection(SolutionConfigurationPlatforms) = preSolution
		Debug|Any CPU = Debug|Any CPU
		Release|Any CPU = Release|Any CPU
	EndGlobalSection
	GlobalSection(ProjectConfigurationPlatforms) = postSolution
		{B3983B95-CFA2-496D-B039-A5F5BF5F2B2D}.Debug|Any CPU.ActiveCfg = Debug|Any CPU
		{B3983B95-CFA2-496D-B039-A5F5BF5F2B2D}.Debug|Any CPU.Build.0 = Debug|Any CPU
		{B3983B95-CFA2-496D-B039-A5F5BF5F2B2D}.Release|Any CPU.ActiveCfg = Release|Any CPU
		{B3983B95-CFA2-496D-B039-A5F5BF5F2B2D}.Release|Any CPU.Build.0 = Release|Any CPU
	EndGlobalSection
	GlobalSection(SolutionProperties) = preSolution
		HideSolutionNode = FALSE
	EndGlobalSection
	GlobalSection(ExtensibilityGlobals) = postSolution
		SolutionGuid = {47E5C079-E6C7-487A-9683-AAC83F93E281}
	EndGlobalSection
EndGlobal
